
Microsoft Visual Studio Solution File, Format Version 12.00
# Visual Studio 14
VisualStudioVersion = 14.0.25420.1
MinimumVisualStudioVersion = 10.0.40219.1
Project("{2150E333-8FDC-42A3-9474-1A3956D46DE8}") = "Order", "Order", "{04F44CC6-B856-48F6-80AE-AB8D791E3C13}"
EndProject
Project("{FAE04EC0-301F-11D3-BF4B-00C04F79EFBC}") = "Shop.Order.Shared", "Shop.Order.Shared\Shop.Order.Shared.csproj", "{71AB251C-A28E-4151-8793-3FB8945D02E7}"
EndProject
Project("{FAE04EC0-301F-11D3-BF4B-00C04F79EFBC}") = "Shop.Order.Read", "Shop.Order.Read\Shop.Order.Read.csproj", "{E2F39443-2A81-4403-AE3F-5876D6C6A371}"
EndProject
Project("{FAE04EC0-301F-11D3-BF4B-00C04F79EFBC}") = "Shop.Order.Write", "Shop.Order.Write\Shop.Order.Write.csproj", "{C3C554F5-3FFF-4F4B-96CF-65E134801495}"
EndProject
Project("{FAE04EC0-301F-11D3-BF4B-00C04F79EFBC}") = "Shop.Order.Write.Test", "Shop.Order.Write.Test\Shop.Order.Write.Test.csproj", "{668A50D9-50AD-4564-8C63-E178850DD204}"
EndProject
Project("{FAE04EC0-301F-11D3-BF4B-00C04F79EFBC}") = "Shop.Order.Read.Test", "Shop.Order.Read.Test\Shop.Order.Read.Test.csproj", "{A3B9A4E2-E2F4-469B-9464-BC0AE9C39751}"
EndProject
Project("{FAE04EC0-301F-11D3-BF4B-00C04F79EFBC}") = "Shop.Order.UI.API", "Shop.Order.UI.API\Shop.Order.UI.API.csproj", "{82AE2E5A-6B62-4741-9165-28349EB53E0D}"
EndProject
Project("{2150E333-8FDC-42A3-9474-1A3956D46DE8}") = "Read", "Read", "{EE9DA3BC-FB5A-4F29-B7A4-3311EB9A017A}"
EndProject
Project("{2150E333-8FDC-42A3-9474-1A3956D46DE8}") = "Write", "Write", "{15733622-0094-4EAD-B7F2-9B8C9FACD0DD}"
EndProject
Global
	GlobalSection(SolutionConfigurationPlatforms) = preSolution
		Debug|Any CPU = Debug|Any CPU
		Release|Any CPU = Release|Any CPU
	EndGlobalSection
	GlobalSection(ProjectConfigurationPlatforms) = postSolution
		{71AB251C-A28E-4151-8793-3FB8945D02E7}.Debug|Any CPU.ActiveCfg = Debug|Any CPU
		{71AB251C-A28E-4151-8793-3FB8945D02E7}.Debug|Any CPU.Build.0 = Debug|Any CPU
		{71AB251C-A28E-4151-8793-3FB8945D02E7}.Release|Any CPU.ActiveCfg = Release|Any CPU
		{71AB251C-A28E-4151-8793-3FB8945D02E7}.Release|Any CPU.Build.0 = Release|Any CPU
		{E2F39443-2A81-4403-AE3F-5876D6C6A371}.Debug|Any CPU.ActiveCfg = Debug|Any CPU
		{E2F39443-2A81-4403-AE3F-5876D6C6A371}.Debug|Any CPU.Build.0 = Debug|Any CPU
		{E2F39443-2A81-4403-AE3F-5876D6C6A371}.Release|Any CPU.ActiveCfg = Release|Any CPU
		{E2F39443-2A81-4403-AE3F-5876D6C6A371}.Release|Any CPU.Build.0 = Release|Any CPU
		{C3C554F5-3FFF-4F4B-96CF-65E134801495}.Debug|Any CPU.ActiveCfg = Debug|Any CPU
		{C3C554F5-3FFF-4F4B-96CF-65E134801495}.Debug|Any CPU.Build.0 = Debug|Any CPU
		{C3C554F5-3FFF-4F4B-96CF-65E134801495}.Release|Any CPU.ActiveCfg = Release|Any CPU
		{C3C554F5-3FFF-4F4B-96CF-65E134801495}.Release|Any CPU.Build.0 = Release|Any CPU
		{668A50D9-50AD-4564-8C63-E178850DD204}.Debug|Any CPU.ActiveCfg = Debug|Any CPU
		{668A50D9-50AD-4564-8C63-E178850DD204}.Debug|Any CPU.Build.0 = Debug|Any CPU
		{668A50D9-50AD-4564-8C63-E178850DD204}.Release|Any CPU.ActiveCfg = Release|Any CPU
		{668A50D9-50AD-4564-8C63-E178850DD204}.Release|Any CPU.Build.0 = Release|Any CPU
		{A3B9A4E2-E2F4-469B-9464-BC0AE9C39751}.Debug|Any CPU.ActiveCfg = Debug|Any CPU
		{A3B9A4E2-E2F4-469B-9464-BC0AE9C39751}.Debug|Any CPU.Build.0 = Debug|Any CPU
		{A3B9A4E2-E2F4-469B-9464-BC0AE9C39751}.Release|Any CPU.ActiveCfg = Release|Any CPU
		{A3B9A4E2-E2F4-469B-9464-BC0AE9C39751}.Release|Any CPU.Build.0 = Release|Any CPU
		{82AE2E5A-6B62-4741-9165-28349EB53E0D}.Debug|Any CPU.ActiveCfg = Debug|Any CPU
		{82AE2E5A-6B62-4741-9165-28349EB53E0D}.Debug|Any CPU.Build.0 = Debug|Any CPU
		{82AE2E5A-6B62-4741-9165-28349EB53E0D}.Release|Any CPU.ActiveCfg = Release|Any CPU
		{82AE2E5A-6B62-4741-9165-28349EB53E0D}.Release|Any CPU.Build.0 = Release|Any CPU
	EndGlobalSection
	GlobalSection(SolutionProperties) = preSolution
		HideSolutionNode = FALSE
	EndGlobalSection
	GlobalSection(NestedProjects) = preSolution
		{71AB251C-A28E-4151-8793-3FB8945D02E7} = {04F44CC6-B856-48F6-80AE-AB8D791E3C13}
		{E2F39443-2A81-4403-AE3F-5876D6C6A371} = {EE9DA3BC-FB5A-4F29-B7A4-3311EB9A017A}
		{C3C554F5-3FFF-4F4B-96CF-65E134801495} = {15733622-0094-4EAD-B7F2-9B8C9FACD0DD}
		{668A50D9-50AD-4564-8C63-E178850DD204} = {15733622-0094-4EAD-B7F2-9B8C9FACD0DD}
		{A3B9A4E2-E2F4-469B-9464-BC0AE9C39751} = {EE9DA3BC-FB5A-4F29-B7A4-3311EB9A017A}
		{82AE2E5A-6B62-4741-9165-28349EB53E0D} = {04F44CC6-B856-48F6-80AE-AB8D791E3C13}
		{EE9DA3BC-FB5A-4F29-B7A4-3311EB9A017A} = {04F44CC6-B856-48F6-80AE-AB8D791E3C13}
		{15733622-0094-4EAD-B7F2-9B8C9FACD0DD} = {04F44CC6-B856-48F6-80AE-AB8D791E3C13}
	EndGlobalSection
EndGlobal
